// !$*UTF8*$!
{
	archiveVersion = 1;
	classes = {
	};
	objectVersion = 48;
	objects = {

/* Begin PBXBuildFile section */
		17B82A8E1FF2A9DB00712019 /* AppDelegate.swift in Sources */ = {isa = PBXBuildFile; fileRef = 17B82A8D1FF2A9DB00712019 /* AppDelegate.swift */; };
		17B82A901FF2A9DB00712019 /* MainVC.swift in Sources */ = {isa = PBXBuildFile; fileRef = 17B82A8F1FF2A9DB00712019 /* MainVC.swift */; };
		17B82A931FF2A9DB00712019 /* Main.storyboard in Resources */ = {isa = PBXBuildFile; fileRef = 17B82A911FF2A9DB00712019 /* Main.storyboard */; };
		17B82A951FF2A9DB00712019 /* Assets.xcassets in Resources */ = {isa = PBXBuildFile; fileRef = 17B82A941FF2A9DB00712019 /* Assets.xcassets */; };
		17B82A981FF2A9DB00712019 /* LaunchScreen.storyboard in Resources */ = {isa = PBXBuildFile; fileRef = 17B82A961FF2A9DB00712019 /* LaunchScreen.storyboard */; };
		17B82AA41FF2AF1800712019 /* CurrencyTxtField.swift in Sources */ = {isa = PBXBuildFile; fileRef = 17B82AA31FF2AF1800712019 /* CurrencyTxtField.swift */; };
		17BA50A61FF3264F00ACE55A /* ShopperTests.swift in Sources */ = {isa = PBXBuildFile; fileRef = 17BA50A51FF3264F00ACE55A /* ShopperTests.swift */; };
		17BA50AE1FF3266A00ACE55A /* Wage.swift in Sources */ = {isa = PBXBuildFile; fileRef = 17BA50AD1FF3266A00ACE55A /* Wage.swift */; };
		17BA50AF1FF329B700ACE55A /* Wage.swift in Sources */ = {isa = PBXBuildFile; fileRef = 17BA50AD1FF3266A00ACE55A /* Wage.swift */; };
/* End PBXBuildFile section */

/* Begin PBXContainerItemProxy section */
		17BA50A81FF3264F00ACE55A /* PBXContainerItemProxy */ = {
			isa = PBXContainerItemProxy;
			containerPortal = 17B82A821FF2A9DB00712019 /* Project object */;
			proxyType = 1;
			remoteGlobalIDString = 17B82A891FF2A9DB00712019;
			remoteInfo = Shopper;
		};
/* End PBXContainerItemProxy section */

/* Begin PBXFileReference section */
		17B82A8A1FF2A9DB00712019 /* Shopper.app */ = {isa = PBXFileReference; explicitFileType = wrapper.application; includeInIndex = 0; path = Shopper.app; sourceTree = BUILT_PRODUCTS_DIR; };
		17B82A8D1FF2A9DB00712019 /* AppDelegate.swift */ = {isa = PBXFileReference; lastKnownFileType = sourcecode.swift; path = AppDelegate.swift; sourceTree = "<group>"; };
		17B82A8F1FF2A9DB00712019 /* MainVC.swift */ = {isa = PBXFileReference; lastKnownFileType = sourcecode.swift; path = MainVC.swift; sourceTree = "<group>"; };
		17B82A921FF2A9DB00712019 /* Base */ = {isa = PBXFileReference; lastKnownFileType = file.storyboard; name = Base; path = Base.lproj/Main.storyboard; sourceTree = "<group>"; };
		17B82A941FF2A9DB00712019 /* Assets.xcassets */ = {isa = PBXFileReference; lastKnownFileType = folder.assetcatalog; path = Assets.xcassets; sourceTree = "<group>"; };
		17B82A971FF2A9DB00712019 /* Base */ = {isa = PBXFileReference; lastKnownFileType = file.storyboard; name = Base; path = Base.lproj/LaunchScreen.storyboard; sourceTree = "<group>"; };
		17B82A991FF2A9DB00712019 /* Info.plist */ = {isa = PBXFileReference; lastKnownFileType = text.plist.xml; path = Info.plist; sourceTree = "<group>"; };
		17B82AA31FF2AF1800712019 /* CurrencyTxtField.swift */ = {isa = PBXFileReference; lastKnownFileType = sourcecode.swift; path = CurrencyTxtField.swift; sourceTree = "<group>"; };
		17BA50A31FF3264F00ACE55A /* ShopperTests.xctest */ = {isa = PBXFileReference; explicitFileType = wrapper.cfbundle; includeInIndex = 0; path = ShopperTests.xctest; sourceTree = BUILT_PRODUCTS_DIR; };
		17BA50A51FF3264F00ACE55A /* ShopperTests.swift */ = {isa = PBXFileReference; lastKnownFileType = sourcecode.swift; path = ShopperTests.swift; sourceTree = "<group>"; };
		17BA50A71FF3264F00ACE55A /* Info.plist */ = {isa = PBXFileReference; lastKnownFileType = text.plist.xml; path = Info.plist; sourceTree = "<group>"; };
		17BA50AD1FF3266A00ACE55A /* Wage.swift */ = {isa = PBXFileReference; lastKnownFileType = sourcecode.swift; path = Wage.swift; sourceTree = "<group>"; };
/* End PBXFileReference section */

/* Begin PBXFrameworksBuildPhase section */
		17B82A871FF2A9DB00712019 /* Frameworks */ = {
			isa = PBXFrameworksBuildPhase;
			buildActionMask = 2147483647;
			files = (
			);
			runOnlyForDeploymentPostprocessing = 0;
		};
		17BA50A01FF3264F00ACE55A /* Frameworks */ = {
			isa = PBXFrameworksBuildPhase;
			buildActionMask = 2147483647;
			files = (
			);
			runOnlyForDeploymentPostprocessing = 0;
		};
/* End PBXFrameworksBuildPhase section */

/* Begin PBXGroup section */
		17B82A811FF2A9DB00712019 = {
			isa = PBXGroup;
			children = (
				17B82A8C1FF2A9DB00712019 /* Shopper */,
				17BA50A41FF3264F00ACE55A /* ShopperTests */,
				17B82A8B1FF2A9DB00712019 /* Products */,
			);
			sourceTree = "<group>";
		};
		17B82A8B1FF2A9DB00712019 /* Products */ = {
			isa = PBXGroup;
			children = (
				17B82A8A1FF2A9DB00712019 /* Shopper.app */,
				17BA50A31FF3264F00ACE55A /* ShopperTests.xctest */,
			);
			name = Products;
			sourceTree = "<group>";
		};
		17B82A8C1FF2A9DB00712019 /* Shopper */ = {
			isa = PBXGroup;
			children = (
				17BA509E1FF3260A00ACE55A /* Model */,
				17B82AA01FF2AEE100712019 /* Views */,
				17B82A9F1FF2AABD00712019 /* Controller */,
				17B82A8D1FF2A9DB00712019 /* AppDelegate.swift */,
				17B82A911FF2A9DB00712019 /* Main.storyboard */,
				17B82A941FF2A9DB00712019 /* Assets.xcassets */,
				17B82A961FF2A9DB00712019 /* LaunchScreen.storyboard */,
				17B82A991FF2A9DB00712019 /* Info.plist */,
			);
			path = Shopper;
			sourceTree = "<group>";
		};
		17B82A9F1FF2AABD00712019 /* Controller */ = {
			isa = PBXGroup;
			children = (
				17B82A8F1FF2A9DB00712019 /* MainVC.swift */,
			);
			path = Controller;
			sourceTree = "<group>";
		};
		17B82AA01FF2AEE100712019 /* Views */ = {
			isa = PBXGroup;
			children = (
				17B82AA31FF2AF1800712019 /* CurrencyTxtField.swift */,
			);
			path = Views;
			sourceTree = "<group>";
		};
		17BA509E1FF3260A00ACE55A /* Model */ = {
			isa = PBXGroup;
			children = (
				17BA50AD1FF3266A00ACE55A /* Wage.swift */,
			);
			path = Model;
			sourceTree = "<group>";
		};
		17BA50A41FF3264F00ACE55A /* ShopperTests */ = {
			isa = PBXGroup;
			children = (
				17BA50A51FF3264F00ACE55A /* ShopperTests.swift */,
				17BA50A71FF3264F00ACE55A /* Info.plist */,
			);
			path = ShopperTests;
			sourceTree = "<group>";
		};
/* End PBXGroup section */

/* Begin PBXNativeTarget section */
		17B82A891FF2A9DB00712019 /* Shopper */ = {
			isa = PBXNativeTarget;
			buildConfigurationList = 17B82A9C1FF2A9DB00712019 /* Build configuration list for PBXNativeTarget "Shopper" */;
			buildPhases = (
				17B82A861FF2A9DB00712019 /* Sources */,
				17B82A871FF2A9DB00712019 /* Frameworks */,
				17B82A881FF2A9DB00712019 /* Resources */,
			);
			buildRules = (
			);
			dependencies = (
			);
			name = Shopper;
			productName = Shopper;
			productReference = 17B82A8A1FF2A9DB00712019 /* Shopper.app */;
			productType = "com.apple.product-type.application";
		};
		17BA50A21FF3264F00ACE55A /* ShopperTests */ = {
			isa = PBXNativeTarget;
			buildConfigurationList = 17BA50AA1FF3264F00ACE55A /* Build configuration list for PBXNativeTarget "ShopperTests" */;
			buildPhases = (
				17BA509F1FF3264F00ACE55A /* Sources */,
				17BA50A01FF3264F00ACE55A /* Frameworks */,
				17BA50A11FF3264F00ACE55A /* Resources */,
			);
			buildRules = (
			);
			dependencies = (
				17BA50A91FF3264F00ACE55A /* PBXTargetDependency */,
			);
			name = ShopperTests;
			productName = ShopperTests;
			productReference = 17BA50A31FF3264F00ACE55A /* ShopperTests.xctest */;
			productType = "com.apple.product-type.bundle.unit-test";
		};
/* End PBXNativeTarget section */

/* Begin PBXProject section */
		17B82A821FF2A9DB00712019 /* Project object */ = {
			isa = PBXProject;
			attributes = {
				LastSwiftUpdateCheck = 0920;
				LastUpgradeCheck = 0920;
				ORGANIZATIONNAME = "Jordan Vacca";
				TargetAttributes = {
					17B82A891FF2A9DB00712019 = {
						CreatedOnToolsVersion = 9.2;
						ProvisioningStyle = Automatic;
					};
					17BA50A21FF3264F00ACE55A = {
						CreatedOnToolsVersion = 9.2;
						ProvisioningStyle = Automatic;
						TestTargetID = 17B82A891FF2A9DB00712019;
					};
				};
			};
			buildConfigurationList = 17B82A851FF2A9DB00712019 /* Build configuration list for PBXProject "Shopper" */;
			compatibilityVersion = "Xcode 8.0";
			developmentRegion = en;
			hasScannedForEncodings = 0;
			knownRegions = (
				en,
				Base,
			);
			mainGroup = 17B82A811FF2A9DB00712019;
			productRefGroup = 17B82A8B1FF2A9DB00712019 /* Products */;
			projectDirPath = "";
			projectRoot = "";
			targets = (
				17B82A891FF2A9DB00712019 /* Shopper */,
				17BA50A21FF3264F00ACE55A /* ShopperTests */,
			);
		};
/* End PBXProject section */

/* Begin PBXResourcesBuildPhase section */
		17B82A881FF2A9DB00712019 /* Resources */ = {
			isa = PBXResourcesBuildPhase;
			buildActionMask = 2147483647;
			files = (
				17B82A981FF2A9DB00712019 /* LaunchScreen.storyboard in Resources */,
				17B82A951FF2A9DB00712019 /* Assets.xcassets in Resources */,
				17B82A931FF2A9DB00712019 /* Main.storyboard in Resources */,
			);
			runOnlyForDeploymentPostprocessing = 0;
		};
		17BA50A11FF3264F00ACE55A /* Resources */ = {
			isa = PBXResourcesBuildPhase;
			buildActionMask = 2147483647;
			files = (
			);
			runOnlyForDeploymentPostprocessing = 0;
		};
/* End PBXResourcesBuildPhase section */

/* Begin PBXSourcesBuildPhase section */
		17B82A861FF2A9DB00712019 /* Sources */ = {
			isa = PBXSourcesBuildPhase;
			buildActionMask = 2147483647;
			files = (
				17B82AA41FF2AF1800712019 /* CurrencyTxtField.swift in Sources */,
				17BA50AE1FF3266A00ACE55A /* Wage.swift in Sources */,
				17B82A901FF2A9DB00712019 /* MainVC.swift in Sources */,
				17B82A8E1FF2A9DB00712019 /* AppDelegate.swift in Sources */,
			);
			runOnlyForDeploymentPostprocessing = 0;
		};
		17BA509F1FF3264F00ACE55A /* Sources */ = {
			isa = PBXSourcesBuildPhase;
			buildActionMask = 2147483647;
			files = (
				17BA50A61FF3264F00ACE55A /* ShopperTests.swift in Sources */,
				17BA50AF1FF329B700ACE55A /* Wage.swift in Sources */,
			);
			runOnlyForDeploymentPostprocessing = 0;
		};
/* End PBXSourcesBuildPhase section */

/* Begin PBXTargetDependency section */
		17BA50A91FF3264F00ACE55A /* PBXTargetDependency */ = {
			isa = PBXTargetDependency;
			target = 17B82A891FF2A9DB00712019 /* Shopper */;
			targetProxy = 17BA50A81FF3264F00ACE55A /* PBXContainerItemProxy */;
		};
/* End PBXTargetDependency section */

/* Begin PBXVariantGroup section */
		17B82A911FF2A9DB00712019 /* Main.storyboard */ = {
			isa = PBXVariantGroup;
			children = (
				17B82A921FF2A9DB00712019 /* Base */,
			);
			name = Main.storyboard;
			sourceTree = "<group>";
		};
		17B82A961FF2A9DB00712019 /* LaunchScreen.storyboard */ = {
			isa = PBXVariantGroup;
			children = (
				17B82A971FF2A9DB00712019 /* Base */,
			);
			name = LaunchScreen.storyboard;
			sourceTree = "<group>";
		};
/* End PBXVariantGroup section */

/* Begin XCBuildConfiguration section */
		17B82A9A1FF2A9DB00712019 /* Debug */ = {
			isa = XCBuildConfiguration;
			buildSettings = {
				ALWAYS_SEARCH_USER_PATHS = NO;
				CLANG_ANALYZER_NONNULL = YES;
				CLANG_ANALYZER_NUMBER_OBJECT_CONVERSION = YES_AGGRESSIVE;
				CLANG_CXX_LANGUAGE_STANDARD = "gnu++14";
				CLANG_CXX_LIBRARY = "libc++";
				CLANG_ENABLE_MODULES = YES;
				CLANG_ENABLE_OBJC_ARC = YES;
				CLANG_WARN_BLOCK_CAPTURE_AUTORELEASING = YES;
				CLANG_WARN_BOOL_CONVERSION = YES;
				CLANG_WARN_COMMA = YES;
				CLANG_WARN_CONSTANT_CONVERSION = YES;
				CLANG_WARN_DIRECT_OBJC_ISA_USAGE = YES_ERROR;
				CLANG_WARN_DOCUMENTATION_COMMENTS = YES;
				CLANG_WARN_EMPTY_BODY = YES;
				CLANG_WARN_ENUM_CONVERSION = YES;
				CLANG_WARN_INFINITE_RECURSION = YES;
				CLANG_WARN_INT_CONVERSION = YES;
				CLANG_WARN_NON_LITERAL_NULL_CONVERSION = YES;
				CLANG_WARN_OBJC_LITERAL_CONVERSION = YES;
				CLANG_WARN_OBJC_ROOT_CLASS = YES_ERROR;
				CLANG_WARN_RANGE_LOOP_ANALYSIS = YES;
				CLANG_WARN_STRICT_PROTOTYPES = YES;
				CLANG_WARN_SUSPICIOUS_MOVE = YES;
				CLANG_WARN_UNGUARDED_AVAILABILITY = YES_AGGRESSIVE;
				CLANG_WARN_UNREACHABLE_CODE = YES;
				CLANG_WARN__DUPLICATE_METHOD_MATCH = YES;
				CODE_SIGN_IDENTITY = "iPhone Developer";
				COPY_PHASE_STRIP = NO;
				DEBUG_INFORMATION_FORMAT = dwarf;
				ENABLE_STRICT_OBJC_MSGSEND = YES;
				ENABLE_TESTABILITY = YES;
				GCC_C_LANGUAGE_STANDARD = gnu11;
				GCC_DYNAMIC_NO_PIC = NO;
				GCC_NO_COMMON_BLOCKS = YES;
				GCC_OPTIMIZATION_LEVEL = 0;
				GCC_PREPROCESSOR_DEFINITIONS = (
					"DEBUG=1",
					"$(inherited)",
				);
				GCC_WARN_64_TO_32_BIT_CONVERSION = YES;
				GCC_WARN_ABOUT_RETURN_TYPE = YES_ERROR;
				GCC_WARN_UNDECLARED_SELECTOR = YES;
				GCC_WARN_UNINITIALIZED_AUTOS = YES_AGGRESSIVE;
				GCC_WARN_UNUSED_FUNCTION = YES;
				GCC_WARN_UNUSED_VARIABLE = YES;
				IPHONEOS_DEPLOYMENT_TARGET = 11.2;
				MTL_ENABLE_DEBUG_INFO = YES;
				ONLY_ACTIVE_ARCH = YES;
				SDKROOT = iphoneos;
				SWIFT_ACTIVE_COMPILATION_CONDITIONS = DEBUG;
				SWIFT_OPTIMIZATION_LEVEL = "-Onone";
			};
			name = Debug;
		};
		17B82A9B1FF2A9DB00712019 /* Release */ = {
			isa = XCBuildConfiguration;
			buildSettings = {
				ALWAYS_SEARCH_USER_PATHS = NO;
				CLANG_ANALYZER_NONNULL = YES;
				CLANG_ANALYZER_NUMBER_OBJECT_CONVERSION = YES_AGGRESSIVE;
				CLANG_CXX_LANGUAGE_STANDARD = "gnu++14";
				CLANG_CXX_LIBRARY = "libc++";
				CLANG_ENABLE_MODULES = YES;
				CLANG_ENABLE_OBJC_ARC = YES;
				CLANG_WARN_BLOCK_CAPTURE_AUTORELEASING = YES;
				CLANG_WARN_BOOL_CONVERSION = YES;
				CLANG_WARN_COMMA = YES;
				CLANG_WARN_CONSTANT_CONVERSION = YES;
				CLANG_WARN_DIRECT_OBJC_ISA_USAGE = YES_ERROR;
				CLANG_WARN_DOCUMENTATION_COMMENTS = YES;
				CLANG_WARN_EMPTY_BODY = YES;
				CLANG_WARN_ENUM_CONVERSION = YES;
				CLANG_WARN_INFINITE_RECURSION = YES;
				CLANG_WARN_INT_CONVERSION = YES;
				CLANG_WARN_NON_LITERAL_NULL_CONVERSION = YES;
				CLANG_WARN_OBJC_LITERAL_CONVERSION = YES;
				CLANG_WARN_OBJC_ROOT_CLASS = YES_ERROR;
				CLANG_WARN_RANGE_LOOP_ANALYSIS = YES;
				CLANG_WARN_STRICT_PROTOTYPES = YES;
				CLANG_WARN_SUSPICIOUS_MOVE = YES;
				CLANG_WARN_UNGUARDED_AVAILABILITY = YES_AGGRESSIVE;
				CLANG_WARN_UNREACHABLE_CODE = YES;
				CLANG_WARN__DUPLICATE_METHOD_MATCH = YES;
				CODE_SIGN_IDENTITY = "iPhone Developer";
				COPY_PHASE_STRIP = NO;
				DEBUG_INFORMATION_FORMAT = "dwarf-with-dsym";
				ENABLE_NS_ASSERTIONS = NO;
				ENABLE_STRICT_OBJC_MSGSEND = YES;
				GCC_C_LANGUAGE_STANDARD = gnu11;
				GCC_NO_COMMON_BLOCKS = YES;
				GCC_WARN_64_TO_32_BIT_CONVERSION = YES;
				GCC_WARN_ABOUT_RETURN_TYPE = YES_ERROR;
				GCC_WARN_UNDECLARED_SELECTOR = YES;
				GCC_WARN_UNINITIALIZED_AUTOS = YES_AGGRESSIVE;
				GCC_WARN_UNUSED_FUNCTION = YES;
				GCC_WARN_UNUSED_VARIABLE = YES;
				IPHONEOS_DEPLOYMENT_TARGET = 11.2;
				MTL_ENABLE_DEBUG_INFO = NO;
				SDKROOT = iphoneos;
				SWIFT_OPTIMIZATION_LEVEL = "-Owholemodule";
				VALIDATE_PRODUCT = YES;
			};
			name = Release;
		};
		17B82A9D1FF2A9DB00712019 /* Debug */ = {
			isa = XCBuildConfiguration;
			buildSettings = {
				ASSETCATALOG_COMPILER_APPICON_NAME = AppIcon;
				CODE_SIGN_STYLE = Automatic;
				INFOPLIST_FILE = Shopper/Info.plist;
				LD_RUNPATH_SEARCH_PATHS = "$(inherited) @executable_path/Frameworks";
				PRODUCT_BUNDLE_IDENTIFIER = TK27.Shopper;
				PRODUCT_NAME = "$(TARGET_NAME)";
				SWIFT_VERSION = 4.0;
				TARGETED_DEVICE_FAMILY = "1,2";
			};
			name = Debug;
		};
		17B82A9E1FF2A9DB00712019 /* Release */ = {
			isa = XCBuildConfiguration;
			buildSettings = {
				ASSETCATALOG_COMPILER_APPICON_NAME = AppIcon;
				CODE_SIGN_STYLE = Automatic;
				INFOPLIST_FILE = Shopper/Info.plist;
				LD_RUNPATH_SEARCH_PATHS = "$(inherited) @executable_path/Frameworks";
				PRODUCT_BUNDLE_IDENTIFIER = TK27.Shopper;
				PRODUCT_NAME = "$(TARGET_NAME)";
				SWIFT_VERSION = 4.0;
				TARGETED_DEVICE_FAMILY = "1,2";
			};
			name = Release;
		};
		17BA50AB1FF3264F00ACE55A /* Debug */ = {
			isa = XCBuildConfiguration;
			buildSettings = {
				BUNDLE_LOADER = "$(TEST_HOST)";
				CODE_SIGN_STYLE = Automatic;
				INFOPLIST_FILE = ShopperTests/Info.plist;
				LD_RUNPATH_SEARCH_PATHS = "$(inherited) @executable_path/Frameworks @loader_path/Frameworks";
				PRODUCT_BUNDLE_IDENTIFIER = TK27.ShopperTests;
				PRODUCT_NAME = "$(TARGET_NAME)";
				SWIFT_VERSION = 4.0;
				TARGETED_DEVICE_FAMILY = "1,2";
				TEST_HOST = "$(BUILT_PRODUCTS_DIR)/Shopper.app/Shopper";
			};
			name = Debug;
		};
		17BA50AC1FF3264F00ACE55A /* Release */ = {
			isa = XCBuildConfiguration;
			buildSettings = {
				BUNDLE_LOADER = "$(TEST_HOST)";
				CODE_SIGN_STYLE = Automatic;
				INFOPLIST_FILE = ShopperTests/Info.plist;
				LD_RUNPATH_SEARCH_PATHS = "$(inherited) @executable_path/Frameworks @loader_path/Frameworks";
				PRODUCT_BUNDLE_IDENTIFIER = TK27.ShopperTests;
				PRODUCT_NAME = "$(TARGET_NAME)";
				SWIFT_VERSION = 4.0;
				TARGETED_DEVICE_FAMILY = "1,2";
				TEST_HOST = "$(BUILT_PRODUCTS_DIR)/Shopper.app/Shopper";
			};
			name = Release;
		};
/* End XCBuildConfiguration section */

/* Begin XCConfigurationList section */
		17B82A851FF2A9DB00712019 /* Build configuration list for PBXProject "Shopper" */ = {
			isa = XCConfigurationList;
			buildConfigurations = (
				17B82A9A1FF2A9DB00712019 /* Debug */,
				17B82A9B1FF2A9DB00712019 /* Release */,
			);
			defaultConfigurationIsVisible = 0;
			defaultConfigurationName = Release;
		};
		17B82A9C1FF2A9DB00712019 /* Build configuration list for PBXNativeTarget "Shopper" */ = {
			isa = XCConfigurationList;
			buildConfigurations = (
				17B82A9D1FF2A9DB00712019 /* Debug */,
				17B82A9E1FF2A9DB00712019 /* Release */,
			);
			defaultConfigurationIsVisible = 0;
			defaultConfigurationName = Release;
		};
		17BA50AA1FF3264F00ACE55A /* Build configuration list for PBXNativeTarget "ShopperTests" */ = {
			isa = XCConfigurationList;
			buildConfigurations = (
				17BA50AB1FF3264F00ACE55A /* Debug */,
				17BA50AC1FF3264F00ACE55A /* Release */,
			);
			defaultConfigurationIsVisible = 0;
			defaultConfigurationName = Release;
		};
/* End XCConfigurationList section */
	};
	rootObject = 17B82A821FF2A9DB00712019 /* Project object */;
}
